
Microsoft Visual Studio Solution File, Format Version 12.00
# Visual Studio 15
VisualStudioVersion = 15.0.28010.2026
MinimumVisualStudioVersion = 10.0.40219.1
Project("{9A19103F-16F7-4668-BE54-9A1E7A4F7556}") = "CamundaWebAPI.WebAPI", "CamundaWebAPI.WebAPI\CamundaWebAPI.WebAPI.csproj", "{419D7E0F-D382-4F9D-BD68-E9E4B85CDDD8}"
EndProject
Project("{9A19103F-16F7-4668-BE54-9A1E7A4F7556}") = "CamundaWebAPI.Core", "CamundaWebAPI.Core\CamundaWebAPI.Core.csproj", "{A1F1A69F-0752-42FF-9575-37161498A8E7}"
EndProject
Project("{9A19103F-16F7-4668-BE54-9A1E7A4F7556}") = "CamundaWebAPI.Repository", "CamundaWebAPI.Repository\CamundaWebAPI.Repository.csproj", "{AA36DC22-01C3-40C1-986F-6A61BD1CAA21}"
EndProject
Project("{9A19103F-16F7-4668-BE54-9A1E7A4F7556}") = "CamundaWebAPI.Entity", "CamundaWebAPI.Entity\CamundaWebAPI.Entity.csproj", "{A001E18D-F52C-449C-862F-C41ED83DFAF2}"
EndProject
Project("{FAE04EC0-301F-11D3-BF4B-00C04F79EFBC}") = "CamundaClient", "CamundaClient\CamundaClient.csproj", "{D316A8E0-09CB-4D66-B635-94860C3EB799}"
EndProject
Project("{9A19103F-16F7-4668-BE54-9A1E7A4F7556}") = "CamundaWebAPI.ExternalTasks", "CamundaWebAPI.ExternalTasks\CamundaWebAPI.ExternalTasks.csproj", "{EC35DFAC-D1CE-4082-BBEC-33E8C0A3F3B2}"
EndProject
Project("{FAE04EC0-301F-11D3-BF4B-00C04F79EFBC}") = "CamundaWebAPI.ViewModel", "CamundaWebAPI.ViewModel\CamundaWebAPI.ViewModel.csproj", "{1D8AED0B-C346-4939-90B6-A67C050A19D5}"
EndProject
Global
	GlobalSection(SolutionConfigurationPlatforms) = preSolution
		Debug|Any CPU = Debug|Any CPU
		Release|Any CPU = Release|Any CPU
	EndGlobalSection
	GlobalSection(ProjectConfigurationPlatforms) = postSolution
		{419D7E0F-D382-4F9D-BD68-E9E4B85CDDD8}.Debug|Any CPU.ActiveCfg = Debug|Any CPU
		{419D7E0F-D382-4F9D-BD68-E9E4B85CDDD8}.Debug|Any CPU.Build.0 = Debug|Any CPU
		{419D7E0F-D382-4F9D-BD68-E9E4B85CDDD8}.Release|Any CPU.ActiveCfg = Release|Any CPU
		{419D7E0F-D382-4F9D-BD68-E9E4B85CDDD8}.Release|Any CPU.Build.0 = Release|Any CPU
		{A1F1A69F-0752-42FF-9575-37161498A8E7}.Debug|Any CPU.ActiveCfg = Debug|Any CPU
		{A1F1A69F-0752-42FF-9575-37161498A8E7}.Debug|Any CPU.Build.0 = Debug|Any CPU
		{A1F1A69F-0752-42FF-9575-37161498A8E7}.Release|Any CPU.ActiveCfg = Release|Any CPU
		{A1F1A69F-0752-42FF-9575-37161498A8E7}.Release|Any CPU.Build.0 = Release|Any CPU
		{AA36DC22-01C3-40C1-986F-6A61BD1CAA21}.Debug|Any CPU.ActiveCfg = Debug|Any CPU
		{AA36DC22-01C3-40C1-986F-6A61BD1CAA21}.Debug|Any CPU.Build.0 = Debug|Any CPU
		{AA36DC22-01C3-40C1-986F-6A61BD1CAA21}.Release|Any CPU.ActiveCfg = Release|Any CPU
		{AA36DC22-01C3-40C1-986F-6A61BD1CAA21}.Release|Any CPU.Build.0 = Release|Any CPU
		{A001E18D-F52C-449C-862F-C41ED83DFAF2}.Debug|Any CPU.ActiveCfg = Debug|Any CPU
		{A001E18D-F52C-449C-862F-C41ED83DFAF2}.Debug|Any CPU.Build.0 = Debug|Any CPU
		{A001E18D-F52C-449C-862F-C41ED83DFAF2}.Release|Any CPU.ActiveCfg = Release|Any CPU
		{A001E18D-F52C-449C-862F-C41ED83DFAF2}.Release|Any CPU.Build.0 = Release|Any CPU
		{D316A8E0-09CB-4D66-B635-94860C3EB799}.Debug|Any CPU.ActiveCfg = Debug|Any CPU
		{D316A8E0-09CB-4D66-B635-94860C3EB799}.Debug|Any CPU.Build.0 = Debug|Any CPU
		{D316A8E0-09CB-4D66-B635-94860C3EB799}.Release|Any CPU.ActiveCfg = Release|Any CPU
		{D316A8E0-09CB-4D66-B635-94860C3EB799}.Release|Any CPU.Build.0 = Release|Any CPU
		{EC35DFAC-D1CE-4082-BBEC-33E8C0A3F3B2}.Debug|Any CPU.ActiveCfg = Debug|Any CPU
		{EC35DFAC-D1CE-4082-BBEC-33E8C0A3F3B2}.Debug|Any CPU.Build.0 = Debug|Any CPU
		{EC35DFAC-D1CE-4082-BBEC-33E8C0A3F3B2}.Release|Any CPU.ActiveCfg = Release|Any CPU
		{EC35DFAC-D1CE-4082-BBEC-33E8C0A3F3B2}.Release|Any CPU.Build.0 = Release|Any CPU
		{1D8AED0B-C346-4939-90B6-A67C050A19D5}.Debug|Any CPU.ActiveCfg = Debug|Any CPU
		{1D8AED0B-C346-4939-90B6-A67C050A19D5}.Debug|Any CPU.Build.0 = Debug|Any CPU
		{1D8AED0B-C346-4939-90B6-A67C050A19D5}.Release|Any CPU.ActiveCfg = Release|Any CPU
		{1D8AED0B-C346-4939-90B6-A67C050A19D5}.Release|Any CPU.Build.0 = Release|Any CPU
	EndGlobalSection
	GlobalSection(SolutionProperties) = preSolution
		HideSolutionNode = FALSE
	EndGlobalSection
	GlobalSection(ExtensibilityGlobals) = postSolution
		SolutionGuid = {94F78A5F-CC7D-4201-ADF4-80989A443DFD}
	EndGlobalSection
EndGlobal
